Microsoft Visual Studio Solution File, Format Version 11.00
# Visual Studio 2008

Project("{F55B52C5-FDC8-C1DF-4D79-4B24C43BB607}") = "Circle of FishLatest1", "Assembly-CSharp-firstpass-vs.csproj", "{32487C05-8D34-A8D2-86E6-0D94C697FBDC}"
EndProject
Project("{F55B52C5-FDC8-C1DF-4D79-4B24C43BB607}") = "Circle of FishLatest1", "Assembly-CSharp-vs.csproj", "{29F2E2CC-FA11-8A65-2E03-D01155A1F1FA}"
EndProject
Project("{F55B52C5-FDC8-C1DF-4D79-4B24C43BB607}") = "Circle of FishLatest1", "Assembly-CSharp-Editor-vs.csproj", "{1B2D34AE-8649-E786-B8DA-CCCD01E9EAEC}"
EndProject
Global
	GlobalSection(SolutionConfigurationPlatforms) = preSolution
		Debug|Any CPU = Debug|Any CPU
		Release|Any CPU = Release|Any CPU
	EndGlobalSection
	GlobalSection(ProjectConfigurationPlatforms) = postSolution
		{32487C05-8D34-A8D2-86E6-0D94C697FBDC}.Debug|Any CPU.ActiveCfg = Debug|Any CPU
		{32487C05-8D34-A8D2-86E6-0D94C697FBDC}.Debug|Any CPU.Build.0 = Debug|Any CPU
		{32487C05-8D34-A8D2-86E6-0D94C697FBDC}.Release|Any CPU.ActiveCfg = Release|Any CPU
		{32487C05-8D34-A8D2-86E6-0D94C697FBDC}.Release|Any CPU.Build.0 = Release|Any CPU
		{29F2E2CC-FA11-8A65-2E03-D01155A1F1FA}.Debug|Any CPU.ActiveCfg = Debug|Any CPU
		{29F2E2CC-FA11-8A65-2E03-D01155A1F1FA}.Debug|Any CPU.Build.0 = Debug|Any CPU
		{29F2E2CC-FA11-8A65-2E03-D01155A1F1FA}.Release|Any CPU.ActiveCfg = Release|Any CPU
		{29F2E2CC-FA11-8A65-2E03-D01155A1F1FA}.Release|Any CPU.Build.0 = Release|Any CPU
		{1B2D34AE-8649-E786-B8DA-CCCD01E9EAEC}.Debug|Any CPU.ActiveCfg = Debug|Any CPU
		{1B2D34AE-8649-E786-B8DA-CCCD01E9EAEC}.Debug|Any CPU.Build.0 = Debug|Any CPU
		{1B2D34AE-8649-E786-B8DA-CCCD01E9EAEC}.Release|Any CPU.ActiveCfg = Release|Any CPU
		{1B2D34AE-8649-E786-B8DA-CCCD01E9EAEC}.Release|Any CPU.Build.0 = Release|Any CPU
	EndGlobalSection
	GlobalSection(SolutionProperties) = preSolution
		HideSolutionNode = FALSE
	EndGlobalSection
			GlobalSection(MonoDevelopProperties) = preSolution
		StartupItem = Assembly-CSharp.csproj
		Policies = $0
		$0.TextStylePolicy = $1
		$1.inheritsSet = null
		$1.scope = text/x-csharp
		$0.CSharpFormattingPolicy = $2
		$2.inheritsSet = Mono
		$2.inheritsScope = text/x-csharp
		$2.scope = text/x-csharp
		$0.TextStylePolicy = $3
		$3.FileWidth = 120
		$3.TabWidth = 4
		$3.IndentWidth = 4
		$3.EolMarker = Unix
		$3.inheritsSet = Mono
		$3.inheritsScope = text/plain
		$3.scope = text/plain
	EndGlobalSection

EndGlobal
